// !$*UTF8*$!
{
	archiveVersion = 1;
	classes = {
	};
	objectVersion = 46;
	objects = {

/* Begin PBXBuildFile section */
		D12235E01EA7E5560071351D /* BaseUIViewController.swift in Sources */ = {isa = PBXBuildFile; fileRef = D12235DF1EA7E5560071351D /* BaseUIViewController.swift */; };
		D1A156B31E9FCB6700F2E275 /* AppDelegate.swift in Sources */ = {isa = PBXBuildFile; fileRef = D1A156B21E9FCB6700F2E275 /* AppDelegate.swift */; };
		D1A156B51E9FCB6700F2E275 /* MainViewController.swift in Sources */ = {isa = PBXBuildFile; fileRef = D1A156B41E9FCB6700F2E275 /* MainViewController.swift */; };
		D1A156B81E9FCB6700F2E275 /* Main.storyboard in Resources */ = {isa = PBXBuildFile; fileRef = D1A156B61E9FCB6700F2E275 /* Main.storyboard */; };
		D1A156BA1E9FCB6700F2E275 /* Assets.xcassets in Resources */ = {isa = PBXBuildFile; fileRef = D1A156B91E9FCB6700F2E275 /* Assets.xcassets */; };
		D1A156BD1E9FCB6700F2E275 /* LaunchScreen.storyboard in Resources */ = {isa = PBXBuildFile; fileRef = D1A156BB1E9FCB6700F2E275 /* LaunchScreen.storyboard */; };
		D1A156C81E9FCB6800F2E275 /* TrafficAlertTests.swift in Sources */ = {isa = PBXBuildFile; fileRef = D1A156C71E9FCB6800F2E275 /* TrafficAlertTests.swift */; };
		D1A156D31E9FCB6800F2E275 /* TrafficAlertUITests.swift in Sources */ = {isa = PBXBuildFile; fileRef = D1A156D21E9FCB6800F2E275 /* TrafficAlertUITests.swift */; };
		D1A156E21EA00DAA00F2E275 /* SearchPlacesDelegate.swift in Sources */ = {isa = PBXBuildFile; fileRef = D1A156E11EA00DAA00F2E275 /* SearchPlacesDelegate.swift */; };
		D1A888BA1EA194A600322D32 /* MapViewDelegate.swift in Sources */ = {isa = PBXBuildFile; fileRef = D1A888B91EA194A600322D32 /* MapViewDelegate.swift */; };
/* End PBXBuildFile section */

/* Begin PBXContainerItemProxy section */
		D1A156C41E9FCB6800F2E275 /* PBXContainerItemProxy */ = {
			isa = PBXContainerItemProxy;
			containerPortal = D1A156A71E9FCB6700F2E275 /* Project object */;
			proxyType = 1;
			remoteGlobalIDString = D1A156AE1E9FCB6700F2E275;
			remoteInfo = TrafficAlert;
		};
		D1A156CF1E9FCB6800F2E275 /* PBXContainerItemProxy */ = {
			isa = PBXContainerItemProxy;
			containerPortal = D1A156A71E9FCB6700F2E275 /* Project object */;
			proxyType = 1;
			remoteGlobalIDString = D1A156AE1E9FCB6700F2E275;
			remoteInfo = TrafficAlert;
		};
/* End PBXContainerItemProxy section */

/* Begin PBXFileReference section */
		D12235DF1EA7E5560071351D /* BaseUIViewController.swift */ = {isa = PBXFileReference; fileEncoding = 4; lastKnownFileType = sourcecode.swift; path = BaseUIViewController.swift; sourceTree = "<group>"; };
		D1A156AF1E9FCB6700F2E275 /* TrafficAlert.app */ = {isa = PBXFileReference; explicitFileType = wrapper.application; includeInIndex = 0; path = TrafficAlert.app; sourceTree = BUILT_PRODUCTS_DIR; };
		D1A156B21E9FCB6700F2E275 /* AppDelegate.swift */ = {isa = PBXFileReference; lastKnownFileType = sourcecode.swift; path = AppDelegate.swift; sourceTree = "<group>"; };
		D1A156B41E9FCB6700F2E275 /* MainViewController.swift */ = {isa = PBXFileReference; lastKnownFileType = sourcecode.swift; path = MainViewController.swift; sourceTree = "<group>"; };
		D1A156B71E9FCB6700F2E275 /* Base */ = {isa = PBXFileReference; lastKnownFileType = file.storyboard; name = Base; path = Base.lproj/Main.storyboard; sourceTree = "<group>"; };
		D1A156B91E9FCB6700F2E275 /* Assets.xcassets */ = {isa = PBXFileReference; lastKnownFileType = folder.assetcatalog; path = Assets.xcassets; sourceTree = "<group>"; };
		D1A156BC1E9FCB6700F2E275 /* Base */ = {isa = PBXFileReference; lastKnownFileType = file.storyboard; name = Base; path = Base.lproj/LaunchScreen.storyboard; sourceTree = "<group>"; };
		D1A156BE1E9FCB6700F2E275 /* Info.plist */ = {isa = PBXFileReference; lastKnownFileType = text.plist.xml; path = Info.plist; sourceTree = "<group>"; };
		D1A156C31E9FCB6800F2E275 /* TrafficAlertTests.xctest */ = {isa = PBXFileReference; explicitFileType = wrapper.cfbundle; includeInIndex = 0; path = TrafficAlertTests.xctest; sourceTree = BUILT_PRODUCTS_DIR; };
		D1A156C71E9FCB6800F2E275 /* TrafficAlertTests.swift */ = {isa = PBXFileReference; lastKnownFileType = sourcecode.swift; path = TrafficAlertTests.swift; sourceTree = "<group>"; };
		D1A156C91E9FCB6800F2E275 /* Info.plist */ = {isa = PBXFileReference; lastKnownFileType = text.plist.xml; path = Info.plist; sourceTree = "<group>"; };
		D1A156CE1E9FCB6800F2E275 /* TrafficAlertUITests.xctest */ = {isa = PBXFileReference; explicitFileType = wrapper.cfbundle; includeInIndex = 0; path = TrafficAlertUITests.xctest; sourceTree = BUILT_PRODUCTS_DIR; };
		D1A156D21E9FCB6800F2E275 /* TrafficAlertUITests.swift */ = {isa = PBXFileReference; lastKnownFileType = sourcecode.swift; path = TrafficAlertUITests.swift; sourceTree = "<group>"; };
		D1A156D41E9FCB6800F2E275 /* Info.plist */ = {isa = PBXFileReference; lastKnownFileType = text.plist.xml; path = Info.plist; sourceTree = "<group>"; };
		D1A156E11EA00DAA00F2E275 /* SearchPlacesDelegate.swift */ = {isa = PBXFileReference; fileEncoding = 4; lastKnownFileType = sourcecode.swift; path = SearchPlacesDelegate.swift; sourceTree = "<group>"; };
		D1A888B91EA194A600322D32 /* MapViewDelegate.swift */ = {isa = PBXFileReference; fileEncoding = 4; lastKnownFileType = sourcecode.swift; path = MapViewDelegate.swift; sourceTree = "<group>"; };
/* End PBXFileReference section */

/* Begin PBXFrameworksBuildPhase section */
		D1A156AC1E9FCB6700F2E275 /* Frameworks */ = {
			isa = PBXFrameworksBuildPhase;
			buildActionMask = 2147483647;
			files = (
			);
			runOnlyForDeploymentPostprocessing = 0;
		};
		D1A156C01E9FCB6800F2E275 /* Frameworks */ = {
			isa = PBXFrameworksBuildPhase;
			buildActionMask = 2147483647;
			files = (
			);
			runOnlyForDeploymentPostprocessing = 0;
		};
		D1A156CB1E9FCB6800F2E275 /* Frameworks */ = {
			isa = PBXFrameworksBuildPhase;
			buildActionMask = 2147483647;
			files = (
			);
			runOnlyForDeploymentPostprocessing = 0;
		};
/* End PBXFrameworksBuildPhase section */

/* Begin PBXGroup section */
		D1A156A61E9FCB6700F2E275 = {
			isa = PBXGroup;
			children = (
				D1A156B11E9FCB6700F2E275 /* TrafficAlert */,
				D1A156C61E9FCB6800F2E275 /* TrafficAlertTests */,
				D1A156D11E9FCB6800F2E275 /* TrafficAlertUITests */,
				D1A156B01E9FCB6700F2E275 /* Products */,
			);
			sourceTree = "<group>";
		};
		D1A156B01E9FCB6700F2E275 /* Products */ = {
			isa = PBXGroup;
			children = (
				D1A156AF1E9FCB6700F2E275 /* TrafficAlert.app */,
				D1A156C31E9FCB6800F2E275 /* TrafficAlertTests.xctest */,
				D1A156CE1E9FCB6800F2E275 /* TrafficAlertUITests.xctest */,
			);
			name = Products;
			sourceTree = "<group>";
		};
		D1A156B11E9FCB6700F2E275 /* TrafficAlert */ = {
			isa = PBXGroup;
			children = (
				D1A888B81EA1949000322D32 /* Delegates */,
				D1A156E31EA00DAF00F2E275 /* Tablesources */,
				D1A156E01E9FEB2100F2E275 /* ViewControllers */,
				D1A156B21E9FCB6700F2E275 /* AppDelegate.swift */,
				D1A156B61E9FCB6700F2E275 /* Main.storyboard */,
				D1A156B91E9FCB6700F2E275 /* Assets.xcassets */,
				D1A156BB1E9FCB6700F2E275 /* LaunchScreen.storyboard */,
				D1A156BE1E9FCB6700F2E275 /* Info.plist */,
			);
			path = TrafficAlert;
			sourceTree = "<group>";
		};
		D1A156C61E9FCB6800F2E275 /* TrafficAlertTests */ = {
			isa = PBXGroup;
			children = (
				D1A156C71E9FCB6800F2E275 /* TrafficAlertTests.swift */,
				D1A156C91E9FCB6800F2E275 /* Info.plist */,
			);
			path = TrafficAlertTests;
			sourceTree = "<group>";
		};
		D1A156D11E9FCB6800F2E275 /* TrafficAlertUITests */ = {
			isa = PBXGroup;
			children = (
				D1A156D21E9FCB6800F2E275 /* TrafficAlertUITests.swift */,
				D1A156D41E9FCB6800F2E275 /* Info.plist */,
			);
			path = TrafficAlertUITests;
			sourceTree = "<group>";
		};
		D1A156E01E9FEB2100F2E275 /* ViewControllers */ = {
			isa = PBXGroup;
			children = (
				D1A156B41E9FCB6700F2E275 /* MainViewController.swift */,
				D12235DF1EA7E5560071351D /* BaseUIViewController.swift */,
			);
			name = ViewControllers;
			sourceTree = "<group>";
		};
		D1A156E31EA00DAF00F2E275 /* Tablesources */ = {
			isa = PBXGroup;
			children = (
				D1A156E11EA00DAA00F2E275 /* SearchPlacesDelegate.swift */,
			);
			name = Tablesources;
			sourceTree = "<group>";
		};
		D1A888B81EA1949000322D32 /* Delegates */ = {
			isa = PBXGroup;
			children = (
				D1A888B91EA194A600322D32 /* MapViewDelegate.swift */,
			);
			name = Delegates;
			sourceTree = "<group>";
		};
/* End PBXGroup section */

/* Begin PBXNativeTarget section */
		D1A156AE1E9FCB6700F2E275 /* TrafficAlert */ = {
			isa = PBXNativeTarget;
			buildConfigurationList = D1A156D71E9FCB6800F2E275 /* Build configuration list for PBXNativeTarget "TrafficAlert" */;
			buildPhases = (
				D1A156AB1E9FCB6700F2E275 /* Sources */,
				D1A156AC1E9FCB6700F2E275 /* Frameworks */,
				D1A156AD1E9FCB6700F2E275 /* Resources */,
			);
			buildRules = (
			);
			dependencies = (
			);
			name = TrafficAlert;
			productName = TrafficAlert;
			productReference = D1A156AF1E9FCB6700F2E275 /* TrafficAlert.app */;
			productType = "com.apple.product-type.application";
		};
		D1A156C21E9FCB6800F2E275 /* TrafficAlertTests */ = {
			isa = PBXNativeTarget;
			buildConfigurationList = D1A156DA1E9FCB6800F2E275 /* Build configuration list for PBXNativeTarget "TrafficAlertTests" */;
			buildPhases = (
				D1A156BF1E9FCB6800F2E275 /* Sources */,
				D1A156C01E9FCB6800F2E275 /* Frameworks */,
				D1A156C11E9FCB6800F2E275 /* Resources */,
			);
			buildRules = (
			);
			dependencies = (
				D1A156C51E9FCB6800F2E275 /* PBXTargetDependency */,
			);
			name = TrafficAlertTests;
			productName = TrafficAlertTests;
			productReference = D1A156C31E9FCB6800F2E275 /* TrafficAlertTests.xctest */;
			productType = "com.apple.product-type.bundle.unit-test";
		};
		D1A156CD1E9FCB6800F2E275 /* TrafficAlertUITests */ = {
			isa = PBXNativeTarget;
			buildConfigurationList = D1A156DD1E9FCB6800F2E275 /* Build configuration list for PBXNativeTarget "TrafficAlertUITests" */;
			buildPhases = (
				D1A156CA1E9FCB6800F2E275 /* Sources */,
				D1A156CB1E9FCB6800F2E275 /* Frameworks */,
				D1A156CC1E9FCB6800F2E275 /* Resources */,
			);
			buildRules = (
			);
			dependencies = (
				D1A156D01E9FCB6800F2E275 /* PBXTargetDependency */,
			);
			name = TrafficAlertUITests;
			productName = TrafficAlertUITests;
			productReference = D1A156CE1E9FCB6800F2E275 /* TrafficAlertUITests.xctest */;
			productType = "com.apple.product-type.bundle.ui-testing";
		};
/* End PBXNativeTarget section */

/* Begin PBXProject section */
		D1A156A71E9FCB6700F2E275 /* Project object */ = {
			isa = PBXProject;
			attributes = {
				LastSwiftUpdateCheck = 0820;
				LastUpgradeCheck = 0820;
				ORGANIZATIONNAME = TrafficAlert;
				TargetAttributes = {
					D1A156AE1E9FCB6700F2E275 = {
						CreatedOnToolsVersion = 8.2.1;
						DevelopmentTeam = G6HR2KN45A;
						ProvisioningStyle = Automatic;
					};
					D1A156C21E9FCB6800F2E275 = {
						CreatedOnToolsVersion = 8.2.1;
						DevelopmentTeam = G6HR2KN45A;
						ProvisioningStyle = Automatic;
						TestTargetID = D1A156AE1E9FCB6700F2E275;
					};
					D1A156CD1E9FCB6800F2E275 = {
						CreatedOnToolsVersion = 8.2.1;
						DevelopmentTeam = G6HR2KN45A;
						ProvisioningStyle = Automatic;
						TestTargetID = D1A156AE1E9FCB6700F2E275;
					};
				};
			};
			buildConfigurationList = D1A156AA1E9FCB6700F2E275 /* Build configuration list for PBXProject "TrafficAlert" */;
			compatibilityVersion = "Xcode 3.2";
			developmentRegion = English;
			hasScannedForEncodings = 0;
			knownRegions = (
				en,
				Base,
			);
			mainGroup = D1A156A61E9FCB6700F2E275;
			productRefGroup = D1A156B01E9FCB6700F2E275 /* Products */;
			projectDirPath = "";
			projectRoot = "";
			targets = (
				D1A156AE1E9FCB6700F2E275 /* TrafficAlert */,
				D1A156C21E9FCB6800F2E275 /* TrafficAlertTests */,
				D1A156CD1E9FCB6800F2E275 /* TrafficAlertUITests */,
			);
		};
/* End PBXProject section */

/* Begin PBXResourcesBuildPhase section */
		D1A156AD1E9FCB6700F2E275 /* Resources */ = {
			isa = PBXResourcesBuildPhase;
			buildActionMask = 2147483647;
			files = (
				D1A156BD1E9FCB6700F2E275 /* LaunchScreen.storyboard in Resources */,
				D1A156BA1E9FCB6700F2E275 /* Assets.xcassets in Resources */,
				D1A156B81E9FCB6700F2E275 /* Main.storyboard in Resources */,
			);
			runOnlyForDeploymentPostprocessing = 0;
		};
		D1A156C11E9FCB6800F2E275 /* Resources */ = {
			isa = PBXResourcesBuildPhase;
			buildActionMask = 2147483647;
			files = (
			);
			runOnlyForDeploymentPostprocessing = 0;
		};
		D1A156CC1E9FCB6800F2E275 /* Resources */ = {
			isa = PBXResourcesBuildPhase;
			buildActionMask = 2147483647;
			files = (
			);
			runOnlyForDeploymentPostprocessing = 0;
		};
/* End PBXResourcesBuildPhase section */

/* Begin PBXSourcesBuildPhase section */
		D1A156AB1E9FCB6700F2E275 /* Sources */ = {
			isa = PBXSourcesBuildPhase;
			buildActionMask = 2147483647;
			files = (
				D12235E01EA7E5560071351D /* BaseUIViewController.swift in Sources */,
				D1A888BA1EA194A600322D32 /* MapViewDelegate.swift in Sources */,
				D1A156B51E9FCB6700F2E275 /* MainViewController.swift in Sources */,
				D1A156E21EA00DAA00F2E275 /* SearchPlacesDelegate.swift in Sources */,
				D1A156B31E9FCB6700F2E275 /* AppDelegate.swift in Sources */,
			);
			runOnlyForDeploymentPostprocessing = 0;
		};
		D1A156BF1E9FCB6800F2E275 /* Sources */ = {
			isa = PBXSourcesBuildPhase;
			buildActionMask = 2147483647;
			files = (
				D1A156C81E9FCB6800F2E275 /* TrafficAlertTests.swift in Sources */,
			);
			runOnlyForDeploymentPostprocessing = 0;
		};
		D1A156CA1E9FCB6800F2E275 /* Sources */ = {
			isa = PBXSourcesBuildPhase;
			buildActionMask = 2147483647;
			files = (
				D1A156D31E9FCB6800F2E275 /* TrafficAlertUITests.swift in Sources */,
			);
			runOnlyForDeploymentPostprocessing = 0;
		};
/* End PBXSourcesBuildPhase section */

/* Begin PBXTargetDependency section */
		D1A156C51E9FCB6800F2E275 /* PBXTargetDependency */ = {
			isa = PBXTargetDependency;
			target = D1A156AE1E9FCB6700F2E275 /* TrafficAlert */;
			targetProxy = D1A156C41E9FCB6800F2E275 /* PBXContainerItemProxy */;
		};
		D1A156D01E9FCB6800F2E275 /* PBXTargetDependency */ = {
			isa = PBXTargetDependency;
			target = D1A156AE1E9FCB6700F2E275 /* TrafficAlert */;
			targetProxy = D1A156CF1E9FCB6800F2E275 /* PBXContainerItemProxy */;
		};
/* End PBXTargetDependency section */

/* Begin PBXVariantGroup section */
		D1A156B61E9FCB6700F2E275 /* Main.storyboard */ = {
			isa = PBXVariantGroup;
			children = (
				D1A156B71E9FCB6700F2E275 /* Base */,
			);
			name = Main.storyboard;
			sourceTree = "<group>";
		};
		D1A156BB1E9FCB6700F2E275 /* LaunchScreen.storyboard */ = {
			isa = PBXVariantGroup;
			children = (
				D1A156BC1E9FCB6700F2E275 /* Base */,
			);
			name = LaunchScreen.storyboard;
			sourceTree = "<group>";
		};
/* End PBXVariantGroup section */

/* Begin XCBuildConfiguration section */
		D1A156D51E9FCB6800F2E275 /* Debug */ = {
			isa = XCBuildConfiguration;
			buildSettings = {
				ALWAYS_SEARCH_USER_PATHS = NO;
				CLANG_ANALYZER_NONNULL = YES;
				CLANG_CXX_LANGUAGE_STANDARD = "gnu++0x";
				CLANG_CXX_LIBRARY = "libc++";
				CLANG_ENABLE_MODULES = YES;
				CLANG_ENABLE_OBJC_ARC = YES;
				CLANG_WARN_BOOL_CONVERSION = YES;
				CLANG_WARN_CONSTANT_CONVERSION = YES;
				CLANG_WARN_DIRECT_OBJC_ISA_USAGE = YES_ERROR;
				CLANG_WARN_DOCUMENTATION_COMMENTS = YES;
				CLANG_WARN_EMPTY_BODY = YES;
				CLANG_WARN_ENUM_CONVERSION = YES;
				CLANG_WARN_INFINITE_RECURSION = YES;
				CLANG_WARN_INT_CONVERSION = YES;
				CLANG_WARN_OBJC_ROOT_CLASS = YES_ERROR;
				CLANG_WARN_SUSPICIOUS_MOVE = YES;
				CLANG_WARN_UNREACHABLE_CODE = YES;
				CLANG_WARN__DUPLICATE_METHOD_MATCH = YES;
				"CODE_SIGN_IDENTITY[sdk=iphoneos*]" = "iPhone Developer";
				COPY_PHASE_STRIP = NO;
				DEBUG_INFORMATION_FORMAT = dwarf;
				ENABLE_STRICT_OBJC_MSGSEND = YES;
				ENABLE_TESTABILITY = YES;
				GCC_C_LANGUAGE_STANDARD = gnu99;
				GCC_DYNAMIC_NO_PIC = NO;
				GCC_NO_COMMON_BLOCKS = YES;
				GCC_OPTIMIZATION_LEVEL = 0;
				GCC_PREPROCESSOR_DEFINITIONS = (
					"DEBUG=1",
					"$(inherited)",
				);
				GCC_WARN_64_TO_32_BIT_CONVERSION = YES;
				GCC_WARN_ABOUT_RETURN_TYPE = YES_ERROR;
				GCC_WARN_UNDECLARED_SELECTOR = YES;
				GCC_WARN_UNINITIALIZED_AUTOS = YES_AGGRESSIVE;
				GCC_WARN_UNUSED_FUNCTION = YES;
				GCC_WARN_UNUSED_VARIABLE = YES;
				IPHONEOS_DEPLOYMENT_TARGET = 10.2;
				MTL_ENABLE_DEBUG_INFO = YES;
				ONLY_ACTIVE_ARCH = YES;
				SDKROOT = iphoneos;
				SWIFT_ACTIVE_COMPILATION_CONDITIONS = DEBUG;
				SWIFT_OPTIMIZATION_LEVEL = "-Onone";
				TARGETED_DEVICE_FAMILY = "1,2";
			};
			name = Debug;
		};
		D1A156D61E9FCB6800F2E275 /* Release */ = {
			isa = XCBuildConfiguration;
			buildSettings = {
				ALWAYS_SEARCH_USER_PATHS = NO;
				CLANG_ANALYZER_NONNULL = YES;
				CLANG_CXX_LANGUAGE_STANDARD = "gnu++0x";
				CLANG_CXX_LIBRARY = "libc++";
				CLANG_ENABLE_MODULES = YES;
				CLANG_ENABLE_OBJC_ARC = YES;
				CLANG_WARN_BOOL_CONVERSION = YES;
				CLANG_WARN_CONSTANT_CONVERSION = YES;
				CLANG_WARN_DIRECT_OBJC_ISA_USAGE = YES_ERROR;
				CLANG_WARN_DOCUMENTATION_COMMENTS = YES;
				CLANG_WARN_EMPTY_BODY = YES;
				CLANG_WARN_ENUM_CONVERSION = YES;
				CLANG_WARN_INFINITE_RECURSION = YES;
				CLANG_WARN_INT_CONVERSION = YES;
				CLANG_WARN_OBJC_ROOT_CLASS = YES_ERROR;
				CLANG_WARN_SUSPICIOUS_MOVE = YES;
				CLANG_WARN_UNREACHABLE_CODE = YES;
				CLANG_WARN__DUPLICATE_METHOD_MATCH = YES;
				"CODE_SIGN_IDENTITY[sdk=iphoneos*]" = "iPhone Developer";
				COPY_PHASE_STRIP = NO;
				DEBUG_INFORMATION_FORMAT = "dwarf-with-dsym";
				ENABLE_NS_ASSERTIONS = NO;
				ENABLE_STRICT_OBJC_MSGSEND = YES;
				GCC_C_LANGUAGE_STANDARD = gnu99;
				GCC_NO_COMMON_BLOCKS = YES;
				GCC_WARN_64_TO_32_BIT_CONVERSION = YES;
				GCC_WARN_ABOUT_RETURN_TYPE = YES_ERROR;
				GCC_WARN_UNDECLARED_SELECTOR = YES;
				GCC_WARN_UNINITIALIZED_AUTOS = YES_AGGRESSIVE;
				GCC_WARN_UNUSED_FUNCTION = YES;
				GCC_WARN_UNUSED_VARIABLE = YES;
				IPHONEOS_DEPLOYMENT_TARGET = 10.2;
				MTL_ENABLE_DEBUG_INFO = NO;
				SDKROOT = iphoneos;
				SWIFT_OPTIMIZATION_LEVEL = "-Owholemodule";
				TARGETED_DEVICE_FAMILY = "1,2";
				VALIDATE_PRODUCT = YES;
			};
			name = Release;
		};
		D1A156D81E9FCB6800F2E275 /* Debug */ = {
			isa = XCBuildConfiguration;
			buildSettings = {
				ASSETCATALOG_COMPILER_APPICON_NAME = AppIcon;
				DEVELOPMENT_TEAM = G6HR2KN45A;
				INFOPLIST_FILE = TrafficAlert/Info.plist;
				LD_RUNPATH_SEARCH_PATHS = "$(inherited) @executable_path/Frameworks";
				PRODUCT_BUNDLE_IDENTIFIER = com.trafficalertco.TrafficAlert;
				PRODUCT_NAME = "$(TARGET_NAME)";
				SWIFT_VERSION = 3.0;
			};
			name = Debug;
		};
		D1A156D91E9FCB6800F2E275 /* Release */ = {
			isa = XCBuildConfiguration;
			buildSettings = {
				ASSETCATALOG_COMPILER_APPICON_NAME = AppIcon;
				DEVELOPMENT_TEAM = G6HR2KN45A;
				INFOPLIST_FILE = TrafficAlert/Info.plist;
				LD_RUNPATH_SEARCH_PATHS = "$(inherited) @executable_path/Frameworks";
				PRODUCT_BUNDLE_IDENTIFIER = com.trafficalertco.TrafficAlert;
				PRODUCT_NAME = "$(TARGET_NAME)";
				SWIFT_VERSION = 3.0;
			};
			name = Release;
		};
		D1A156DB1E9FCB6800F2E275 /* Debug */ = {
			isa = XCBuildConfiguration;
			buildSettings = {
				ALWAYS_EMBED_SWIFT_STANDARD_LIBRARIES = YES;
				BUNDLE_LOADER = "$(TEST_HOST)";
				DEVELOPMENT_TEAM = G6HR2KN45A;
				INFOPLIST_FILE = TrafficAlertTests/Info.plist;
				LD_RUNPATH_SEARCH_PATHS = "$(inherited) @executable_path/Frameworks @loader_path/Frameworks";
				PRODUCT_BUNDLE_IDENTIFIER = com.trafficalertco.TrafficAlertTests;
				PRODUCT_NAME = "$(TARGET_NAME)";
				SWIFT_VERSION = 3.0;
				TEST_HOST = "$(BUILT_PRODUCTS_DIR)/TrafficAlert.app/TrafficAlert";
			};
			name = Debug;
		};
		D1A156DC1E9FCB6800F2E275 /* Release */ = {
			isa = XCBuildConfiguration;
			buildSettings = {
				ALWAYS_EMBED_SWIFT_STANDARD_LIBRARIES = YES;
				BUNDLE_LOADER = "$(TEST_HOST)";
				DEVELOPMENT_TEAM = G6HR2KN45A;
				INFOPLIST_FILE = TrafficAlertTests/Info.plist;
				LD_RUNPATH_SEARCH_PATHS = "$(inherited) @executable_path/Frameworks @loader_path/Frameworks";
				PRODUCT_BUNDLE_IDENTIFIER = com.trafficalertco.TrafficAlertTests;
				PRODUCT_NAME = "$(TARGET_NAME)";
				SWIFT_VERSION = 3.0;
				TEST_HOST = "$(BUILT_PRODUCTS_DIR)/TrafficAlert.app/TrafficAlert";
			};
			name = Release;
		};
		D1A156DE1E9FCB6800F2E275 /* Debug */ = {
			isa = XCBuildConfiguration;
			buildSettings = {
				ALWAYS_EMBED_SWIFT_STANDARD_LIBRARIES = YES;
				DEVELOPMENT_TEAM = G6HR2KN45A;
				INFOPLIST_FILE = TrafficAlertUITests/Info.plist;
				LD_RUNPATH_SEARCH_PATHS = "$(inherited) @executable_path/Frameworks @loader_path/Frameworks";
				PRODUCT_BUNDLE_IDENTIFIER = com.trafficalertco.TrafficAlertUITests;
				PRODUCT_NAME = "$(TARGET_NAME)";
				SWIFT_VERSION = 3.0;
				TEST_TARGET_NAME = TrafficAlert;
			};
			name = Debug;
		};
		D1A156DF1E9FCB6800F2E275 /* Release */ = {
			isa = XCBuildConfiguration;
			buildSettings = {
				ALWAYS_EMBED_SWIFT_STANDARD_LIBRARIES = YES;
				DEVELOPMENT_TEAM = G6HR2KN45A;
				INFOPLIST_FILE = TrafficAlertUITests/Info.plist;
				LD_RUNPATH_SEARCH_PATHS = "$(inherited) @executable_path/Frameworks @loader_path/Frameworks";
				PRODUCT_BUNDLE_IDENTIFIER = com.trafficalertco.TrafficAlertUITests;
				PRODUCT_NAME = "$(TARGET_NAME)";
				SWIFT_VERSION = 3.0;
				TEST_TARGET_NAME = TrafficAlert;
			};
			name = Release;
		};
/* End XCBuildConfiguration section */

/* Begin XCConfigurationList section */
		D1A156AA1E9FCB6700F2E275 /* Build configuration list for PBXProject "TrafficAlert" */ = {
			isa = XCConfigurationList;
			buildConfigurations = (
				D1A156D51E9FCB6800F2E275 /* Debug */,
				D1A156D61E9FCB6800F2E275 /* Release */,
			);
			defaultConfigurationIsVisible = 0;
			defaultConfigurationName = Release;
		};
		D1A156D71E9FCB6800F2E275 /* Build configuration list for PBXNativeTarget "TrafficAlert" */ = {
			isa = XCConfigurationList;
			buildConfigurations = (
				D1A156D81E9FCB6800F2E275 /* Debug */,
				D1A156D91E9FCB6800F2E275 /* Release */,
			);
			defaultConfigurationIsVisible = 0;
			defaultConfigurationName = Release;
		};
		D1A156DA1E9FCB6800F2E275 /* Build configuration list for PBXNativeTarget "TrafficAlertTests" */ = {
			isa = XCConfigurationList;
			buildConfigurations = (
				D1A156DB1E9FCB6800F2E275 /* Debug */,
				D1A156DC1E9FCB6800F2E275 /* Release */,
			);
			defaultConfigurationIsVisible = 0;
			defaultConfigurationName = Release;
		};
		D1A156DD1E9FCB6800F2E275 /* Build configuration list for PBXNativeTarget "TrafficAlertUITests" */ = {
			isa = XCConfigurationList;
			buildConfigurations = (
				D1A156DE1E9FCB6800F2E275 /* Debug */,
				D1A156DF1E9FCB6800F2E275 /* Release */,
			);
			defaultConfigurationIsVisible = 0;
			defaultConfigurationName = Release;
		};
/* End XCConfigurationList section */
	};
	rootObject = D1A156A71E9FCB6700F2E275 /* Project object */;
}
